
Microsoft Visual Studio Solution File, Format Version 12.00
# Visual Studio Version 17
VisualStudioVersion = 17.10.34928.147
MinimumVisualStudioVersion = 10.0.40219.1
Project("{888888A0-9F3D-457C-B088-3A5042F75D52}") = "HW10 - Machine Learning - Advanced", "HW10 - Machine Learning - Advanced.pyproj", "{E938D505-F1DC-4470-98F4-0FAE321A1EFB}"
EndProject
Global
	GlobalSection(SolutionConfigurationPlatforms) = preSolution
		Debug|Any CPU = Debug|Any CPU
		Release|Any CPU = Release|Any CPU
	EndGlobalSection
	GlobalSection(ProjectConfigurationPlatforms) = postSolution
		{E938D505-F1DC-4470-98F4-0FAE321A1EFB}.Debug|Any CPU.ActiveCfg = Debug|Any CPU
		{E938D505-F1DC-4470-98F4-0FAE321A1EFB}.Release|Any CPU.ActiveCfg = Release|Any CPU
	EndGlobalSection
	GlobalSection(SolutionProperties) = preSolution
		HideSolutionNode = FALSE
	EndGlobalSection
	GlobalSection(ExtensibilityGlobals) = postSolution
		SolutionGuid = {6DD285B5-C783-47EC-B20C-D8E9AC6ECF95}
	EndGlobalSection
EndGlobal
